
Microsoft Visual Studio Solution File, Format Version 12.00
# Visual Studio Version 17
VisualStudioVersion = 17.14.36616.10 d17.14
MinimumVisualStudioVersion = 10.0.40219.1
Project("{888888A0-9F3D-457C-B088-3A5042F75D52}") = "IEEE-CIS Fraud Detection", "IEEE-CIS Fraud Detection\IEEE-CIS Fraud Detection.pyproj", "{1FD04E6F-C096-48BB-AB58-DE46A2324BF6}"
EndProject
Global
	GlobalSection(SolutionConfigurationPlatforms) = preSolution
		Debug|Any CPU = Debug|Any CPU
		Release|Any CPU = Release|Any CPU
	EndGlobalSection
	GlobalSection(ProjectConfigurationPlatforms) = postSolution
		{1FD04E6F-C096-48BB-AB58-DE46A2324BF6}.Debug|Any CPU.ActiveCfg = Debug|Any CPU
		{1FD04E6F-C096-48BB-AB58-DE46A2324BF6}.Release|Any CPU.ActiveCfg = Release|Any CPU
	EndGlobalSection
	GlobalSection(SolutionProperties) = preSolution
		HideSolutionNode = FALSE
	EndGlobalSection
	GlobalSection(ExtensibilityGlobals) = postSolution
		SolutionGuid = {C6204E50-BB31-42BA-957F-DC9421B414B5}
	EndGlobalSection
EndGlobal
